{
  "nodes": {
    "flake-parts": {
      "inputs": {
        "nixpkgs-lib": [
          "nixpkgs"
        ]
      },
      "locked": {
        "lastModified": 1772408722,
        "narHash": "sha256-rHuJtdcOjK7rAHpHphUb1iCvgkU3GpfvicLMwwnfMT0=",
        "ref": "refs/heads/main",
        "rev": "f20dc5d9b8027381c474144ecabc9034d6a839a3",
        "revCount": 445,
        "type": "git",
        "url": "https://gitcode.com/gh_mirrors/fl/flake-parts.git"
      },
      "original": {
        "type": "git",
        "url": "https://gitcode.com/gh_mirrors/fl/flake-parts.git"
      }
    },
    "home-manager": {
      "inputs": {
        "nixpkgs": [
          "nixpkgs"
        ]
      },
      "locked": {
        "lastModified": 1773264488,
        "narHash": "sha256-rK0507bDuWBrZo+0zts9bCs/+RRUEHuvFE5DHWPxX/Q=",
        "ref": "release-25.11",
        "rev": "5c0f63f8d55040a7eed69df7e3fcdd15dfb5a04c",
        "revCount": 5865,
        "type": "git",
        "url": "https://gitcode.com/GitHub_Trending/ho/home-manager.git"
      },
      "original": {
        "ref": "release-25.11",
        "type": "git",
        "url": "https://gitcode.com/GitHub_Trending/ho/home-manager.git"
      }
    },
    "nixpkgs": {
      "locked": {
        "lastModified": 1773222311,
        "narHash": "sha256-BHoB/XpbqoZkVYZCfXJXfkR+GXFqwb/4zbWnOr2cRcU=",
        "ref": "nixos-25.11",
        "rev": "0590cd39f728e129122770c029970378a79d076a",
        "shallow": true,
        "type": "git",
        "url": "https://mirrors.tuna.tsinghua.edu.cn/git/nixpkgs.git"
      },
      "original": {
        "ref": "nixos-25.11",
        "shallow": true,
        "type": "git",
        "url": "https://mirrors.tuna.tsinghua.edu.cn/git/nixpkgs.git"
      }
    },
    "root": {
      "inputs": {
        "flake-parts": "flake-parts",
        "home-manager": "home-manager",
        "nixpkgs": "nixpkgs"
      }
    }
  },
  "root": "root",
  "version": 7
}
