{
  "nodes": {
    "flake-parts": {
      "inputs": {
        "nixpkgs-lib": [
          "nixpkgs"
        ]
      },
      "locked": {
        "lastModified": 1772408722,
        "narHash": "sha256-rHuJtdcOjK7rAHpHphUb1iCvgkU3GpfvicLMwwnfMT0=",
        "ref": "refs/heads/main",
        "rev": "f20dc5d9b8027381c474144ecabc9034d6a839a3",
        "revCount": 445,
        "type": "git",
        "url": "https://gitcode.com/gh_mirrors/fl/flake-parts.git"
      },
      "original": {
        "type": "git",
        "url": "https://gitcode.com/gh_mirrors/fl/flake-parts.git"
      }
    },
    "home-manager": {
      "inputs": {
        "nixpkgs": [
          "nixpkgs"
        ]
      },
      "locked": {
        "lastModified": 1772633058,
        "narHash": "sha256-SO7JapRy2HPhgmqiLbfnW1kMx5rakPMKZ9z3wtRLQjI=",
        "ref": "release-25.11",
        "rev": "080657a04188aca25f8a6c70a0fb2ea7e37f1865",
        "revCount": 5863,
        "type": "git",
        "url": "https://gitcode.com/GitHub_Trending/ho/home-manager.git"
      },
      "original": {
        "ref": "release-25.11",
        "type": "git",
        "url": "https://gitcode.com/GitHub_Trending/ho/home-manager.git"
      }
    },
    "nixpkgs": {
      "locked": {
        "lastModified": 1772598333,
        "narHash": "sha256-YaHht/C35INEX3DeJQNWjNaTcPjYmBwwjFJ2jdtr+5U=",
        "ref": "nixos-25.11",
        "rev": "fabb8c9deee281e50b1065002c9828f2cf7b2239",
        "shallow": true,
        "type": "git",
        "url": "https://mirrors.tuna.tsinghua.edu.cn/git/nixpkgs.git"
      },
      "original": {
        "ref": "nixos-25.11",
        "shallow": true,
        "type": "git",
        "url": "https://mirrors.tuna.tsinghua.edu.cn/git/nixpkgs.git"
      }
    },
    "root": {
      "inputs": {
        "flake-parts": "flake-parts",
        "home-manager": "home-manager",
        "nixpkgs": "nixpkgs"
      }
    }
  },
  "root": "root",
  "version": 7
}
